{
  "name": "miro-mcp-server",
  "version": "1.0.0",
  "lockfileVersion": 3,
  "requires": true,
  "packages": {
    "": {
      "name": "miro-mcp-server",
      "version": "1.0.0",
      "license": "MIT",
      "devDependencies": {
        "wrangler": "^3.78.0"
      }
    },
    "node_modules/wrangler": {
      "version": "3.78.0",
      "resolved": "https://registry.npmjs.org/wrangler/-/wrangler-3.78.0.tgz",
      "integrity": "sha512-ZNRoofz2s6h0lUomQqIU6HZT3SZxXpQS7sOm5VcdlOC4/N5T6qDPQeWUdF9qY2bUP5+BPr0a8oe8J8s7zJ9Z6A==",
      "dev": true,
      "dependencies": {
        "@cloudflare/kv-asset-handler": "^0.3.4",
        "@cloudflare/workers-types": "^4.20240909.0",
        "@esbuild-plugins/node-globals-polyfill": "^0.2.3",
        "@esbuild-plugins/node-modules-polyfill": "^0.2.2",
        "blake3-wasm": "^2.1.5",
        "chokidar": "^3.5.3",
        "esbuild": "0.17.19",
        "miniflare": "3.20240909.4",
        "nanoid": "^3.3.7",
        "path-to-regexp": "^6.2.1",
        "resolve": "^1.22.8",
        "resolve.exports": "^2.0.2",
        "selfsigned": "^2.4.1",
        "source-map": "^0.6.1",
        "unenv": "^1.10.0",
        "workerd": "1.20240909.0",
        "xxhash-wasm": "^1.0.2"
      },
      "bin": {
        "wrangler": "bin/wrangler.js",
        "wrangler2": "bin/wrangler.js"
      },
      "engines": {
        "node": ">=16.17.0"
      }
    }
  }
}
