{
  "name": "miro-mcp-server",
  "version": "1.0.0",
  "lockfileVersion": 3,
  "requires": true,
  "packages": {
    "": {
      "name": "miro-mcp-server",
      "version": "1.0.0",
      "license": "MIT",
      "devDependencies": {
        "wrangler": "^3.78.0"
      }
    },
    "node_modules/wrangler": {
      "version": "3.78.0",
      "resolved": "https://registry.npmjs.org/wrangler/-/wrangler-3.78.0.tgz",
      "integrity": "sha512-ZNRoofz2s6h0lUomQqIU6HZT3SZxXpQS7sOm5VcdlOC4/N5T6qDPQeWUdF9qY2bUP5+BPr0a8oe8J8s7zJ9Z6A==",
      "dev": true,
      "bin": {
        "wrangler": "bin/wrangler.js",
        "wrangler2": "bin/wrangler.js"
      },
      "engines": {
        "node": ">=16.17.0"
      },
      "optionalDependencies": {
        "fsevents": "~2.3.2"
      }
    },
    "node_modules/fsevents": {
      "version": "2.3.3",
      "resolved": "https://registry.npmjs.org/fsevents/-/fsevents-2.3.3.tgz",
      "integrity": "sha512-5xoDfX+fL7faATnagmWPpbFtwh/R77WmMMqqHGS65C3vvB0YHrgF+B1YmZ3441tMj5n63k0212XNoJwzlhffQw==",
      "dev": true,
      "hasInstallScript": true,
      "optional": true,
      "os": [
        "darwin"
      ],
      "engines": {
        "node": "^8.16.0 || ^10.6.0 || >=11.0.0"
      }
    }
  }
}
